{
  "version": 4,
  "terraform_version": "0.12.26",
  "serial": 28,
  "lineage": "f22b9ecd-0224-a17d-57ab-3a1b8a2d00fa",
  "outputs": {},
  "resources": [
    {
      "module": "module.AWS_module",
      "mode": "managed",
      "type": "aws_db_instance",
      "name": "WP_RDS_DB",
      "provider": "provider.aws",
      "instances": [
        {
          "schema_version": 1,
          "attributes": {
            "address": "mysql-db.crfrxyai8wu2.ap-south-1.rds.amazonaws.com",
            "allocated_storage": 20,
            "allow_major_version_upgrade": null,
            "apply_immediately": null,
            "arn": "arn:aws:rds:ap-south-1:964645281762:db:mysql-db",
            "auto_minor_version_upgrade": false,
            "availability_zone": "ap-south-1b",
            "backup_retention_period": 0,
            "backup_window": "20:42-21:12",
            "ca_cert_identifier": "rds-ca-2019",
            "character_set_name": null,
            "copy_tags_to_snapshot": false,
            "db_subnet_group_name": "default",
            "delete_automated_backups": true,
            "deletion_protection": false,
            "domain": "",
            "domain_iam_role_name": "",
            "enabled_cloudwatch_logs_exports": [],
            "endpoint": "mysql-db.crfrxyai8wu2.ap-south-1.rds.amazonaws.com:3306",
            "engine": "mysql",
            "engine_version": "5.7.21",
            "final_snapshot_identifier": "mysqlfinalsnp",
            "hosted_zone_id": "Z2VFMSZA74J7XZ",
            "iam_database_authentication_enabled": false,
            "id": "mysql-db",
            "identifier": "mysql-db",
            "identifier_prefix": null,
            "instance_class": "db.t2.micro",
            "iops": 0,
            "kms_key_id": "",
            "license_model": "general-public-license",
            "maintenance_window": "tue:13:15-tue:13:45",
            "max_allocated_storage": 0,
            "monitoring_interval": 0,
            "monitoring_role_arn": "",
            "multi_az": false,
            "name": "Wordpress_DB",
            "option_group_name": "default:mysql-5-7",
            "parameter_group_name": "default.mysql5.7",
            "password": "password",
            "performance_insights_enabled": false,
            "performance_insights_kms_key_id": "",
            "performance_insights_retention_period": 0,
            "port": 3306,
            "publicly_accessible": true,
            "replicas": [],
            "replicate_source_db": "",
            "resource_id": "db-DTNLMGKSYF6BA47NJVLLEMBOSY",
            "s3_import": [],
            "security_group_names": [],
            "skip_final_snapshot": true,
            "snapshot_identifier": null,
            "status": "available",
            "storage_encrypted": false,
            "storage_type": "gp2",
            "tags": {},
            "timeouts": null,
            "timezone": "",
            "username": "Sourabh",
            "vpc_security_group_ids": [
              "sg-09808d5a106200be0"
            ]
          },
          "private": "eyJlMmJmYjczMC1lY2FhLTExZTYtOGY4OC0zNDM2M2JjN2M0YzAiOnsiY3JlYXRlIjoyNDAwMDAwMDAwMDAwLCJkZWxldGUiOjI0MDAwMDAwMDAwMDAsInVwZGF0ZSI6NDgwMDAwMDAwMDAwMH0sInNjaGVtYV92ZXJzaW9uIjoiMSJ9",
          "dependencies": [
            "module.AWS_module.aws_security_group.RDS_sec_grp"
          ]
        }
      ]
    },
    {
      "module": "module.AWS_module",
      "mode": "managed",
      "type": "aws_security_group",
      "name": "RDS_sec_grp",
      "provider": "provider.aws",
      "instances": [
        {
          "schema_version": 1,
          "attributes": {
            "arn": "arn:aws:ec2:ap-south-1:964645281762:security-group/sg-09808d5a106200be0",
            "description": "SG for RDS",
            "egress": [],
            "id": "sg-09808d5a106200be0",
            "ingress": [
              {
                "cidr_blocks": [
                  "0.0.0.0/0"
                ],
                "description": "Database Rule",
                "from_port": 3306,
                "ipv6_cidr_blocks": [],
                "prefix_list_ids": [],
                "protocol": "tcp",
                "security_groups": [],
                "self": false,
                "to_port": 3306
              }
            ],
            "name": "RDS-Sec",
            "name_prefix": "",
            "owner_id": "964645281762",
            "revoke_rules_on_delete": false,
            "tags": {},
            "timeouts": null,
            "vpc_id": "vpc-a2ebf6ca"
          },
          "private": "eyJlMmJmYjczMC1lY2FhLTExZTYtOGY4OC0zNDM2M2JjN2M0YzAiOnsiY3JlYXRlIjo2MDAwMDAwMDAwMDAsImRlbGV0ZSI6NjAwMDAwMDAwMDAwfSwic2NoZW1hX3ZlcnNpb24iOiIxIn0="
        }
      ]
    },
    {
      "module": "module.kubernetes_module",
      "mode": "managed",
      "type": "kubernetes_deployment",
      "name": "wp-dep",
      "provider": "provider.kubernetes",
      "instances": [
        {
          "schema_version": 0,
          "attributes": {
            "id": "default/wp-dep",
            "metadata": [
              {
                "annotations": {},
                "generate_name": "",
                "generation": 1,
                "labels": {
                  "Country": "India",
                  "env": "Production"
                },
                "name": "wp-dep",
                "namespace": "default",
                "resource_version": "69951",
                "self_link": "/apis/apps/v1/namespaces/default/deployments/wp-dep",
                "uid": "09b23147-4f2c-45f4-8a3a-c46add36565c"
              }
            ],
            "spec": [
              {
                "min_ready_seconds": 0,
                "paused": false,
                "progress_deadline_seconds": 600,
                "replicas": 1,
                "revision_history_limit": 10,
                "selector": [
                  {
                    "match_expressions": [],
                    "match_labels": {
                      "Country": "India",
                      "env": "Production",
                      "pod": "wp"
                    }
                  }
                ],
                "strategy": [
                  {
                    "rolling_update": [
                      {
                        "max_surge": "25%",
                        "max_unavailable": "25%"
                      }
                    ],
                    "type": "RollingUpdate"
                  }
                ],
                "template": [
                  {
                    "metadata": [
                      {
                        "annotations": {},
                        "generate_name": "",
                        "generation": 0,
                        "labels": {
                          "Country": "India",
                          "env": "Production",
                          "pod": "wp"
                        },
                        "name": "",
                        "namespace": "",
                        "resource_version": "",
                        "self_link": "",
                        "uid": ""
                      }
                    ],
                    "spec": [
                      {
                        "active_deadline_seconds": 0,
                        "affinity": [],
                        "automount_service_account_token": false,
                        "container": [
                          {
                            "args": [],
                            "command": [],
                            "env": [
                              {
                                "name": "WORDPRESS_DB_HOST",
                                "value": "mysql-db.crfrxyai8wu2.ap-south-1.rds.amazonaws.com",
                                "value_from": []
                              },
                              {
                                "name": "WORDPRESS_DB_USER",
                                "value": "Sourabh",
                                "value_from": []
                              },
                              {
                                "name": "WORDPRESS_DB_PASSWORD",
                                "value": "password",
                                "value_from": []
                              },
                              {
                                "name": "WORDPRESS_DB_NAME",
                                "value": "Wordpress_DB",
                                "value_from": []
                              },
                              {
                                "name": "WORDPRESS_TABLE_PREFIX",
                                "value": "wp_",
                                "value_from": []
                              }
                            ],
                            "env_from": [],
                            "image": "wordpress",
                            "image_pull_policy": "Always",
                            "lifecycle": [],
                            "liveness_probe": [],
                            "name": "wp-container",
                            "port": [
                              {
                                "container_port": 80,
                                "host_ip": "",
                                "host_port": 0,
                                "name": "",
                                "protocol": "TCP"
                              }
                            ],
                            "readiness_probe": [],
                            "resources": [
                              {
                                "limits": [],
                                "requests": []
                              }
                            ],
                            "security_context": [],
                            "startup_probe": [],
                            "stdin": false,
                            "stdin_once": false,
                            "termination_message_path": "/dev/termination-log",
                            "termination_message_policy": "File",
                            "tty": false,
                            "volume_mount": [
                              {
                                "mount_path": "/var/www/html/",
                                "mount_propagation": "None",
                                "name": "wp-vol",
                                "read_only": false,
                                "sub_path": ""
                              }
                            ],
                            "working_dir": ""
                          }
                        ],
                        "dns_config": [],
                        "dns_policy": "ClusterFirst",
                        "host_aliases": [],
                        "host_ipc": false,
                        "host_network": false,
                        "host_pid": false,
                        "hostname": "",
                        "image_pull_secrets": [],
                        "init_container": [],
                        "node_name": "",
                        "node_selector": {},
                        "priority_class_name": "",
                        "restart_policy": "Always",
                        "security_context": [],
                        "service_account_name": "",
                        "share_process_namespace": false,
                        "subdomain": "",
                        "termination_grace_period_seconds": 30,
                        "toleration": [],
                        "volume": [
                          {
                            "aws_elastic_block_store": [],
                            "azure_disk": [],
                            "azure_file": [],
                            "ceph_fs": [],
                            "cinder": [],
                            "config_map": [],
                            "csi": [],
                            "downward_api": [],
                            "empty_dir": [],
                            "fc": [],
                            "flex_volume": [],
                            "flocker": [],
                            "gce_persistent_disk": [],
                            "git_repo": [],
                            "glusterfs": [],
                            "host_path": [],
                            "iscsi": [],
                            "local": [],
                            "name": "wp-vol",
                            "nfs": [],
                            "persistent_volume_claim": [
                              {
                                "claim_name": "wp-pvc",
                                "read_only": false
                              }
                            ],
                            "photon_persistent_disk": [],
                            "projected": [],
                            "quobyte": [],
                            "rbd": [],
                            "secret": [],
                            "vsphere_volume": []
                          }
                        ]
                      }
                    ]
                  }
                ]
              }
            ],
            "timeouts": null,
            "wait_for_rollout": true
          },
          "private": "eyJlMmJmYjczMC1lY2FhLTExZTYtOGY4OC0zNDM2M2JjN2M0YzAiOnsiY3JlYXRlIjo2MDAwMDAwMDAwMDAsImRlbGV0ZSI6NjAwMDAwMDAwMDAwLCJ1cGRhdGUiOjYwMDAwMDAwMDAwMH19",
          "dependencies": [
            "module.AWS_module.aws_db_instance.WP_RDS_DB",
            "module.AWS_module.aws_security_group.RDS_sec_grp",
            "module.kubernetes_module.kubernetes_persistent_volume_claim.wp-pvc",
            "module.kubernetes_module.null_resource.get_dependency"
          ]
        }
      ]
    },
    {
      "module": "module.kubernetes_module",
      "mode": "managed",
      "type": "kubernetes_persistent_volume_claim",
      "name": "wp-pvc",
      "provider": "provider.kubernetes",
      "instances": [
        {
          "schema_version": 0,
          "attributes": {
            "id": "default/wp-pvc",
            "metadata": [
              {
                "annotations": {},
                "generate_name": "",
                "generation": 0,
                "labels": {
                  "Country": "India",
                  "env": "Production"
                },
                "name": "wp-pvc",
                "namespace": "default",
                "resource_version": "70001",
                "self_link": "/api/v1/namespaces/default/persistentvolumeclaims/wp-pvc",
                "uid": "d5e50b0b-4551-4403-a04c-e37530577010"
              }
            ],
            "spec": [
              {
                "access_modes": [
                  "ReadWriteOnce"
                ],
                "resources": [
                  {
                    "limits": {},
                    "requests": {
                      "storage": "1Gi"
                    }
                  }
                ],
                "selector": [],
                "storage_class_name": "standard",
                "volume_name": "pvc-d5e50b0b-4551-4403-a04c-e37530577010"
              }
            ],
            "timeouts": null,
            "wait_until_bound": false
          },
          "private": "eyJlMmJmYjczMC1lY2FhLTExZTYtOGY4OC0zNDM2M2JjN2M0YzAiOnsiY3JlYXRlIjozMDAwMDAwMDAwMDB9fQ==",
          "dependencies": [
            "module.AWS_module.aws_db_instance.WP_RDS_DB",
            "module.AWS_module.aws_security_group.RDS_sec_grp",
            "module.kubernetes_module.null_resource.get_dependency"
          ]
        }
      ]
    },
    {
      "module": "module.kubernetes_module",
      "mode": "managed",
      "type": "kubernetes_service",
      "name": "wpService",
      "provider": "provider.kubernetes",
      "instances": [
        {
          "schema_version": 0,
          "attributes": {
            "id": "default/wp-svc",
            "load_balancer_ingress": [],
            "metadata": [
              {
                "annotations": {},
                "generate_name": "",
                "generation": 0,
                "labels": {
                  "Country": "India",
                  "env": "Production"
                },
                "name": "wp-svc",
                "namespace": "default",
                "resource_version": "69964",
                "self_link": "/api/v1/namespaces/default/services/wp-svc",
                "uid": "9df05689-6b08-4ad0-aee6-018596c5e6f8"
              }
            ],
            "spec": [
              {
                "cluster_ip": "10.96.71.214",
                "external_ips": [],
                "external_name": "",
                "external_traffic_policy": "Cluster",
                "health_check_node_port": 0,
                "load_balancer_ip": "",
                "load_balancer_source_ranges": [],
                "port": [
                  {
                    "name": "wp-port",
                    "node_port": 30732,
                    "port": 80,
                    "protocol": "TCP",
                    "target_port": "80"
                  }
                ],
                "publish_not_ready_addresses": false,
                "selector": {
                  "pod": "wp"
                },
                "session_affinity": "None",
                "type": "NodePort"
              }
            ],
            "timeouts": null
          },
          "private": "eyJlMmJmYjczMC1lY2FhLTExZTYtOGY4OC0zNDM2M2JjN2M0YzAiOnsiY3JlYXRlIjo2MDAwMDAwMDAwMDB9fQ==",
          "dependencies": [
            "module.AWS_module.aws_db_instance.WP_RDS_DB",
            "module.AWS_module.aws_security_group.RDS_sec_grp",
            "module.kubernetes_module.kubernetes_deployment.wp-dep",
            "module.kubernetes_module.kubernetes_persistent_volume_claim.wp-pvc",
            "module.kubernetes_module.null_resource.get_dependency"
          ]
        }
      ]
    },
    {
      "module": "module.kubernetes_module",
      "mode": "managed",
      "type": "null_resource",
      "name": "get_dependency",
      "provider": "provider.null",
      "instances": [
        {
          "schema_version": 0,
          "attributes": {
            "id": "6899784921298757261",
            "triggers": null
          },
          "dependencies": [
            "module.AWS_module.aws_db_instance.WP_RDS_DB",
            "module.AWS_module.aws_security_group.RDS_sec_grp"
          ]
        }
      ]
    },
    {
      "mode": "managed",
      "type": "null_resource",
      "name": "open_WordPress",
      "provider": "provider.null",
      "instances": [
        {
          "schema_version": 0,
          "attributes": {
            "id": "8877907999480575546",
            "triggers": null
          },
          "dependencies": [
            "module.kubernetes_module.kubernetes_service.wpService"
          ]
        }
      ]
    }
  ]
}
